// !$*UTF8*$!
{
	archiveVersion = 1;
	classes = {
	};
	objectVersion = 46;
	objects = {

/* Begin PBXBuildFile section */
		5E386AFD1BBA04EC003EDAEB /* triangle_wrapper.c in Sources */ = {isa = PBXBuildFile; fileRef = 5E386AFC1BBA04EC003EDAEB /* triangle_wrapper.c */; };
		5E386B001BBABE28003EDAEB /* triangle.c in Sources */ = {isa = PBXBuildFile; fileRef = 5E386AFF1BBABE28003EDAEB /* triangle.c */; };
		5E65128E1BD587AA00455528 /* overlay2.png in Resources */ = {isa = PBXBuildFile; fileRef = 5E65128D1BD587AA00455528 /* overlay2.png */; };
		5E8A4EF81BC4355C001B3CF1 /* total_detector.svm in Resources */ = {isa = PBXBuildFile; fileRef = 5E8A4EF71BC4355C001B3CF1 /* total_detector.svm */; };
		5EB989FA1BC8A1F4002BF51F /* launch_logo.png in Resources */ = {isa = PBXBuildFile; fileRef = 5EB989F91BC8A1F4002BF51F /* launch_logo.png */; };
		5ED3AB8B1BB6C14E0092A7CE /* normalise_warp.cpp in Sources */ = {isa = PBXBuildFile; fileRef = 5ED3AB8A1BB6C14E0092A7CE /* normalise_warp.cpp */; };
		E20FE7671BB0326C00142050 /* ViewController.swift in Sources */ = {isa = PBXBuildFile; fileRef = E20FE7661BB0326C00142050 /* ViewController.swift */; };
		E20FE7691BB032A800142050 /* OpenGLView.swift in Sources */ = {isa = PBXBuildFile; fileRef = E20FE7681BB032A800142050 /* OpenGLView.swift */; };
		E20FE76B1BB032AF00142050 /* Main.storyboard in Resources */ = {isa = PBXBuildFile; fileRef = E20FE76A1BB032AF00142050 /* Main.storyboard */; };
		E20FE76D1BB0348400142050 /* AppDelegate.swift in Sources */ = {isa = PBXBuildFile; fileRef = E20FE76C1BB0348400142050 /* AppDelegate.swift */; };
		E20FE7701BB034BC00142050 /* TextureFragment.glsl in Resources */ = {isa = PBXBuildFile; fileRef = E20FE76E1BB034BC00142050 /* TextureFragment.glsl */; };
		E20FE7711BB034BC00142050 /* TextureVertex.glsl in Resources */ = {isa = PBXBuildFile; fileRef = E20FE76F1BB034BC00142050 /* TextureVertex.glsl */; };
		E20FE7891BB092CF00142050 /* Accelerate.framework in Frameworks */ = {isa = PBXBuildFile; fileRef = E20FE7881BB092CF00142050 /* Accelerate.framework */; };
		E21069591BCA873700E28B33 /* Recorder.swift in Sources */ = {isa = PBXBuildFile; fileRef = E21069581BCA873700E28B33 /* Recorder.swift */; };
		E21BAB2E1BC193B700E9B58F /* AverageVerticalVertex.glsl in Resources */ = {isa = PBXBuildFile; fileRef = E21BAB2D1BC193B700E9B58F /* AverageVerticalVertex.glsl */; };
		E21BAB301BC193C400E9B58F /* AverageFragment.glsl in Resources */ = {isa = PBXBuildFile; fileRef = E21BAB2F1BC193C400E9B58F /* AverageFragment.glsl */; };
		E21D45F81BC556A6006F2CDE /* AverageHorizontalVertex.glsl in Resources */ = {isa = PBXBuildFile; fileRef = E21D45F71BC556A6006F2CDE /* AverageHorizontalVertex.glsl */; };
		E221D0FF1BC6DA0B009F4B0B /* BrightenVertex.glsl in Resources */ = {isa = PBXBuildFile; fileRef = E221D0FE1BC6DA0B009F4B0B /* BrightenVertex.glsl */; };
		E221D1011BC6DA17009F4B0B /* BrightenFragment.glsl in Resources */ = {isa = PBXBuildFile; fileRef = E221D1001BC6DA17009F4B0B /* BrightenFragment.glsl */; };
		E22F8B901BBB004100D9AAE7 /* Warpnormalise.swift in Sources */ = {isa = PBXBuildFile; fileRef = 5ED3AB881BB6BF250092A7CE /* Warpnormalise.swift */; };
		E25C0D471BD5077C00F9157F /* camera_icon.png in Resources */ = {isa = PBXBuildFile; fileRef = E25C0D461BD5077C00F9157F /* camera_icon.png */; };
		E25C0D4B1BD53F4A00F9157F /* overlay.png in Resources */ = {isa = PBXBuildFile; fileRef = E25C0D4A1BD53F4A00F9157F /* overlay.png */; };
		E25C0D4E1BD54DF400F9157F /* PassFragment.glsl in Resources */ = {isa = PBXBuildFile; fileRef = E25C0D4C1BD54DF400F9157F /* PassFragment.glsl */; };
		E25C0D4F1BD54DF400F9157F /* PassVertex.glsl in Resources */ = {isa = PBXBuildFile; fileRef = E25C0D4D1BD54DF400F9157F /* PassVertex.glsl */; };
		E25C0D601BD6268100F9157F /* overlay3.png in Resources */ = {isa = PBXBuildFile; fileRef = E25C0D5F1BD6268100F9157F /* overlay3.png */; };
		E25C0D631BD7C1FE00F9157F /* eye.png in Resources */ = {isa = PBXBuildFile; fileRef = E25C0D611BD7C1FE00F9157F /* eye.png */; };
		E25C0D641BD7C1FE00F9157F /* mask.png in Resources */ = {isa = PBXBuildFile; fileRef = E25C0D621BD7C1FE00F9157F /* mask.png */; };
		E26D16701BB42F7700A0F573 /* PHItypes.m in Sources */ = {isa = PBXBuildFile; fileRef = E26D166F1BB42F7700A0F573 /* PHItypes.m */; };
		E28D3A991BAC409000ACC953 /* FaceWarpApp.xcdatamodeld in Sources */ = {isa = PBXBuildFile; fileRef = E28D3A971BAC409000ACC953 /* FaceWarpApp.xcdatamodeld */; };
		E28D3A9B1BAC409000ACC953 /* Assets.xcassets in Resources */ = {isa = PBXBuildFile; fileRef = E28D3A9A1BAC409000ACC953 /* Assets.xcassets */; };
		E28D3A9E1BAC409000ACC953 /* LaunchScreen.storyboard in Resources */ = {isa = PBXBuildFile; fileRef = E28D3A9C1BAC409000ACC953 /* LaunchScreen.storyboard */; };
		E28D3AAA1BAC43E000ACC953 /* opencv2.framework in Frameworks */ = {isa = PBXBuildFile; fileRef = E28D3AA91BAC43E000ACC953 /* opencv2.framework */; };
		E28D3AAE1BAC442A00ACC953 /* Readme.md in Sources */ = {isa = PBXBuildFile; fileRef = E28D3AAD1BAC442A00ACC953 /* Readme.md */; };
		E28D3ABD1BAC464700ACC953 /* source.cpp in Sources */ = {isa = PBXBuildFile; fileRef = E28D3ABC1BAC464700ACC953 /* source.cpp */; };
		E28D3ABF1BAC480500ACC953 /* libjpeg.a in Frameworks */ = {isa = PBXBuildFile; fileRef = E28D3ABE1BAC480500ACC953 /* libjpeg.a */; };
		E28D3AC11BAC5BF800ACC953 /* find_face.mm in Sources */ = {isa = PBXBuildFile; fileRef = E28D3AC01BAC5BF800ACC953 /* find_face.mm */; };
		E28D3AC51BAC67F800ACC953 /* facemarks.dat in Resources */ = {isa = PBXBuildFile; fileRef = E28D3AC41BAC67D100ACC953 /* facemarks.dat */; };
		E28E56211BBC318400358D16 /* GaussianHorizontalVertex.glsl in Resources */ = {isa = PBXBuildFile; fileRef = E28E56201BBC318400358D16 /* GaussianHorizontalVertex.glsl */; };
		E28E56231BBC319D00358D16 /* GaussianVerticalVertex.glsl in Resources */ = {isa = PBXBuildFile; fileRef = E28E56221BBC319D00358D16 /* GaussianVerticalVertex.glsl */; };
		E28E56251BBC31B700358D16 /* GaussianFragment.glsl in Resources */ = {isa = PBXBuildFile; fileRef = E28E56241BBC31B700358D16 /* GaussianFragment.glsl */; };
		E28E562C1BBD246A00358D16 /* TextureManager.swift in Sources */ = {isa = PBXBuildFile; fileRef = E28E562B1BBD246A00358D16 /* TextureManager.swift */; };
		E28E562E1BBD247700358D16 /* VertexManager.swift in Sources */ = {isa = PBXBuildFile; fileRef = E28E562D1BBD247700358D16 /* VertexManager.swift */; };
		E28E56321BBD248C00358D16 /* ShaderManager.swift in Sources */ = {isa = PBXBuildFile; fileRef = E28E56311BBD248C00358D16 /* ShaderManager.swift */; };
		E28E56341BBD254900358D16 /* CaptureManager.swift in Sources */ = {isa = PBXBuildFile; fileRef = E28E56331BBD254900358D16 /* CaptureManager.swift */; };
		E28E56361BBD26CF00358D16 /* Texture.swift in Sources */ = {isa = PBXBuildFile; fileRef = E28E56351BBD26CF00358D16 /* Texture.swift */; };
		E28E56381BBD279600358D16 /* PixelBufferTexture.swift in Sources */ = {isa = PBXBuildFile; fileRef = E28E56371BBD279600358D16 /* PixelBufferTexture.swift */; };
		E28E563A1BBD324700358D16 /* ShaderProgram.swift in Sources */ = {isa = PBXBuildFile; fileRef = E28E56391BBD324700358D16 /* ShaderProgram.swift */; };
		E28E56481BBD7A1100358D16 /* Renderer.swift in Sources */ = {isa = PBXBuildFile; fileRef = E28E56471BBD7A1100358D16 /* Renderer.swift */; };
		E28EB8071BC81DE000E639E7 /* DesaturateVertex.glsl in Resources */ = {isa = PBXBuildFile; fileRef = E28EB8061BC81DE000E639E7 /* DesaturateVertex.glsl */; };
		E28EB8091BC81DF200E639E7 /* DesaturateFragment.glsl in Resources */ = {isa = PBXBuildFile; fileRef = E28EB8081BC81DF200E639E7 /* DesaturateFragment.glsl */; };
		E28EB80F1BC8317A00E639E7 /* ControllerController.swift in Sources */ = {isa = PBXBuildFile; fileRef = E28EB80E1BC8317A00E639E7 /* ControllerController.swift */; };
		E28EB8111BC8368B00E639E7 /* SpinnyController.swift in Sources */ = {isa = PBXBuildFile; fileRef = E28EB8101BC8368B00E639E7 /* SpinnyController.swift */; };
		E28EB8131BC8388200E639E7 /* Syncro.swift in Sources */ = {isa = PBXBuildFile; fileRef = E28EB8121BC8388200E639E7 /* Syncro.swift */; };
		E293197B1BC589C0006CAA6F /* fft_stuff.cpp in Sources */ = {isa = PBXBuildFile; fileRef = E29319791BC589C0006CAA6F /* fft_stuff.cpp */; };
		E2B3F4301BDD2C4A00B6A7E3 /* face_overlay.png in Resources */ = {isa = PBXBuildFile; fileRef = E2B3F42F1BDD2C4A00B6A7E3 /* face_overlay.png */; };
		E2B55E4E1BB5DD340086F719 /* Clarkson-Delaunay.c in Sources */ = {isa = PBXBuildFile; fileRef = E2B55E4C1BB5DD340086F719 /* Clarkson-Delaunay.c */; };
		E2B55E551BB69F390086F719 /* triangulator.cpp in Sources */ = {isa = PBXBuildFile; fileRef = E2B55E541BB69F390086F719 /* triangulator.cpp */; };
		E2B55E571BB6B9590086F719 /* Triangulator.swift in Sources */ = {isa = PBXBuildFile; fileRef = E2B55E561BB6B9590086F719 /* Triangulator.swift */; };
/* End PBXBuildFile section */

/* Begin PBXContainerItemProxy section */
		E264DF451BB950710051380D /* PBXContainerItemProxy */ = {
			isa = PBXContainerItemProxy;
			containerPortal = E264DF3E1BB950710051380D /* GTEngine.xcodeproj */;
			proxyType = 2;
			remoteGlobalIDString = 74B57E8D07F3427D00913EC4;
			remoteInfo = "Debug Static";
		};
		E264DF471BB950710051380D /* PBXContainerItemProxy */ = {
			isa = PBXContainerItemProxy;
			containerPortal = E264DF3E1BB950710051380D /* GTEngine.xcodeproj */;
			proxyType = 2;
			remoteGlobalIDString = 74D6DDFE07F342E200267169;
			remoteInfo = "Release Static";
		};
		E264DF491BB950710051380D /* PBXContainerItemProxy */ = {
			isa = PBXContainerItemProxy;
			containerPortal = E264DF3E1BB950710051380D /* GTEngine.xcodeproj */;
			proxyType = 2;
			remoteGlobalIDString = 3C64C75312569DBD00F4B0B0;
			remoteInfo = "Debug Dynamic";
		};
		E264DF4B1BB950710051380D /* PBXContainerItemProxy */ = {
			isa = PBXContainerItemProxy;
			containerPortal = E264DF3E1BB950710051380D /* GTEngine.xcodeproj */;
			proxyType = 2;
			remoteGlobalIDString = 3C64C7A41256A63100F4B0B0;
			remoteInfo = "Release Dynamic";
		};
		E264DF4D1BB950DA0051380D /* PBXContainerItemProxy */ = {
			isa = PBXContainerItemProxy;
			containerPortal = E264DF3E1BB950710051380D /* GTEngine.xcodeproj */;
			proxyType = 1;
			remoteGlobalIDString = 74D6DDFA07F342E200267169;
			remoteInfo = "Release Static";
		};
/* End PBXContainerItemProxy section */

/* Begin PBXFileReference section */
		5E2897471BB578DB00166D83 /* normalise_warp.h */ = {isa = PBXFileReference; lastKnownFileType = sourcecode.c.h; path = normalise_warp.h; sourceTree = "<group>"; };
		5E386AF91BBA04CD003EDAEB /* triangle.h */ = {isa = PBXFileReference; fileEncoding = 4; lastKnownFileType = sourcecode.c.h; path = triangle.h; sourceTree = "<group>"; };
		5E386AFC1BBA04EC003EDAEB /* triangle_wrapper.c */ = {isa = PBXFileReference; fileEncoding = 4; lastKnownFileType = sourcecode.c.c; path = triangle_wrapper.c; sourceTree = "<group>"; };
		5E386AFE1BBABBAA003EDAEB /* triangle_wrapper.h */ = {isa = PBXFileReference; fileEncoding = 4; lastKnownFileType = sourcecode.c.h; path = triangle_wrapper.h; sourceTree = "<group>"; };
		5E386AFF1BBABE28003EDAEB /* triangle.c */ = {isa = PBXFileReference; fileEncoding = 4; lastKnownFileType = sourcecode.c.c; path = triangle.c; sourceTree = "<group>"; };
		5E65128D1BD587AA00455528 /* overlay2.png */ = {isa = PBXFileReference; lastKnownFileType = image.png; path = overlay2.png; sourceTree = "<group>"; };
		5E8A4EF71BC4355C001B3CF1 /* total_detector.svm */ = {isa = PBXFileReference; lastKnownFileType = file; path = total_detector.svm; sourceTree = "<group>"; };
		5EB989F91BC8A1F4002BF51F /* launch_logo.png */ = {isa = PBXFileReference; lastKnownFileType = image.png; path = launch_logo.png; sourceTree = "<group>"; };
		5ED3AB881BB6BF250092A7CE /* Warpnormalise.swift */ = {isa = PBXFileReference; fileEncoding = 4; lastKnownFileType = sourcecode.swift; path = Warpnormalise.swift; sourceTree = "<group>"; };
		5ED3AB8A1BB6C14E0092A7CE /* normalise_warp.cpp */ = {isa = PBXFileReference; fileEncoding = 4; lastKnownFileType = sourcecode.cpp.cpp; path = normalise_warp.cpp; sourceTree = "<group>"; };
		E20FE7661BB0326C00142050 /* ViewController.swift */ = {isa = PBXFileReference; fileEncoding = 4; lastKnownFileType = sourcecode.swift; path = ViewController.swift; sourceTree = "<group>"; };
		E20FE7681BB032A800142050 /* OpenGLView.swift */ = {isa = PBXFileReference; fileEncoding = 4; lastKnownFileType = sourcecode.swift; path = OpenGLView.swift; sourceTree = "<group>"; };
		E20FE76A1BB032AF00142050 /* Main.storyboard */ = {isa = PBXFileReference; fileEncoding = 4; lastKnownFileType = file.storyboard; path = Main.storyboard; sourceTree = "<group>"; };
		E20FE76C1BB0348400142050 /* AppDelegate.swift */ = {isa = PBXFileReference; fileEncoding = 4; lastKnownFileType = sourcecode.swift; path = AppDelegate.swift; sourceTree = "<group>"; };
		E20FE76E1BB034BC00142050 /* TextureFragment.glsl */ = {isa = PBXFileReference; fileEncoding = 4; lastKnownFileType = text; path = TextureFragment.glsl; sourceTree = "<group>"; };
		E20FE76F1BB034BC00142050 /* TextureVertex.glsl */ = {isa = PBXFileReference; fileEncoding = 4; lastKnownFileType = text; path = TextureVertex.glsl; sourceTree = "<group>"; };
		E20FE7881BB092CF00142050 /* Accelerate.framework */ = {isa = PBXFileReference; lastKnownFileType = wrapper.framework; name = Accelerate.framework; path = System/Library/Frameworks/Accelerate.framework; sourceTree = SDKROOT; };
		E21069581BCA873700E28B33 /* Recorder.swift */ = {isa = PBXFileReference; fileEncoding = 4; lastKnownFileType = sourcecode.swift; path = Recorder.swift; sourceTree = "<group>"; };
		E21BAB2D1BC193B700E9B58F /* AverageVerticalVertex.glsl */ = {isa = PBXFileReference; fileEncoding = 4; lastKnownFileType = text; path = AverageVerticalVertex.glsl; sourceTree = "<group>"; };
		E21BAB2F1BC193C400E9B58F /* AverageFragment.glsl */ = {isa = PBXFileReference; fileEncoding = 4; lastKnownFileType = text; path = AverageFragment.glsl; sourceTree = "<group>"; };
		E21D45F71BC556A6006F2CDE /* AverageHorizontalVertex.glsl */ = {isa = PBXFileReference; fileEncoding = 4; lastKnownFileType = text; path = AverageHorizontalVertex.glsl; sourceTree = "<group>"; };
		E221D0FE1BC6DA0B009F4B0B /* BrightenVertex.glsl */ = {isa = PBXFileReference; fileEncoding = 4; lastKnownFileType = text; path = BrightenVertex.glsl; sourceTree = "<group>"; };
		E221D1001BC6DA17009F4B0B /* BrightenFragment.glsl */ = {isa = PBXFileReference; fileEncoding = 4; lastKnownFileType = text; path = BrightenFragment.glsl; sourceTree = "<group>"; };
		E25C0D461BD5077C00F9157F /* camera_icon.png */ = {isa = PBXFileReference; lastKnownFileType = image.png; path = camera_icon.png; sourceTree = "<group>"; };
		E25C0D4A1BD53F4A00F9157F /* overlay.png */ = {isa = PBXFileReference; lastKnownFileType = image.png; path = overlay.png; sourceTree = "<group>"; };
		E25C0D4C1BD54DF400F9157F /* PassFragment.glsl */ = {isa = PBXFileReference; fileEncoding = 4; lastKnownFileType = text; path = PassFragment.glsl; sourceTree = "<group>"; };
		E25C0D4D1BD54DF400F9157F /* PassVertex.glsl */ = {isa = PBXFileReference; fileEncoding = 4; lastKnownFileType = text; path = PassVertex.glsl; sourceTree = "<group>"; };
		E25C0D5F1BD6268100F9157F /* overlay3.png */ = {isa = PBXFileReference; lastKnownFileType = image.png; path = overlay3.png; sourceTree = "<group>"; };
		E25C0D611BD7C1FE00F9157F /* eye.png */ = {isa = PBXFileReference; lastKnownFileType = image.png; path = eye.png; sourceTree = "<group>"; };
		E25C0D621BD7C1FE00F9157F /* mask.png */ = {isa = PBXFileReference; lastKnownFileType = image.png; path = mask.png; sourceTree = "<group>"; };
		E264DF3E1BB950710051380D /* GTEngine.xcodeproj */ = {isa = PBXFileReference; lastKnownFileType = "wrapper.pb-project"; name = GTEngine.xcodeproj; path = GeometricTools/GTEngine/GTEngine.xcodeproj; sourceTree = "<group>"; };
		E26D166F1BB42F7700A0F573 /* PHItypes.m */ = {isa = PBXFileReference; fileEncoding = 4; lastKnownFileType = sourcecode.c.objc; path = PHItypes.m; sourceTree = "<group>"; };
		E26D16711BB42F8400A0F573 /* PHItypes.h */ = {isa = PBXFileReference; lastKnownFileType = sourcecode.c.h; path = PHItypes.h; sourceTree = "<group>"; };
		E26D16721BB58F9B00A0F573 /* __fix_triangulation.hpp */ = {isa = PBXFileReference; lastKnownFileType = sourcecode.cpp.h; path = __fix_triangulation.hpp; sourceTree = "<group>"; };
		E28D3A8D1BAC409000ACC953 /* Mugg.app */ = {isa = PBXFileReference; explicitFileType = wrapper.application; includeInIndex = 0; path = Mugg.app; sourceTree = BUILT_PRODUCTS_DIR; };
		E28D3A981BAC409000ACC953 /* FaceWarpApp.xcdatamodel */ = {isa = PBXFileReference; lastKnownFileType = wrapper.xcdatamodel; path = FaceWarpApp.xcdatamodel; sourceTree = "<group>"; };
		E28D3A9A1BAC409000ACC953 /* Assets.xcassets */ = {isa = PBXFileReference; lastKnownFileType = folder.assetcatalog; path = Assets.xcassets; sourceTree = "<group>"; };
		E28D3A9D1BAC409000ACC953 /* Base */ = {isa = PBXFileReference; lastKnownFileType = file.storyboard; name = Base; path = Base.lproj/LaunchScreen.storyboard; sourceTree = "<group>"; };
		E28D3A9F1BAC409000ACC953 /* Info.plist */ = {isa = PBXFileReference; lastKnownFileType = text.plist.xml; path = Info.plist; sourceTree = "<group>"; };
		E28D3AA91BAC43E000ACC953 /* opencv2.framework */ = {isa = PBXFileReference; lastKnownFileType = wrapper.framework; path = opencv2.framework; sourceTree = "<group>"; };
		E28D3AAD1BAC442A00ACC953 /* Readme.md */ = {isa = PBXFileReference; fileEncoding = 4; lastKnownFileType = net.daringfireball.markdown; path = Readme.md; sourceTree = "<group>"; };
		E28D3AB21BAC451F00ACC953 /* dlib */ = {isa = PBXFileReference; lastKnownFileType = folder; path = dlib; sourceTree = "<group>"; };
		E28D3AB61BAC459C00ACC953 /* dermatology.hpp */ = {isa = PBXFileReference; fileEncoding = 4; lastKnownFileType = sourcecode.cpp.h; path = dermatology.hpp; sourceTree = "<group>"; };
		E28D3AB71BAC459C00ACC953 /* face_fixer.hpp */ = {isa = PBXFileReference; fileEncoding = 4; lastKnownFileType = sourcecode.cpp.h; path = face_fixer.hpp; sourceTree = "<group>"; };
		E28D3AB81BAC459C00ACC953 /* face_landmarks.hpp */ = {isa = PBXFileReference; fileEncoding = 4; lastKnownFileType = sourcecode.cpp.h; path = face_landmarks.hpp; sourceTree = "<group>"; };
		E28D3ABA1BAC459C00ACC953 /* utils.hpp */ = {isa = PBXFileReference; fileEncoding = 4; lastKnownFileType = sourcecode.cpp.h; path = utils.hpp; sourceTree = "<group>"; };
		E28D3ABC1BAC464700ACC953 /* source.cpp */ = {isa = PBXFileReference; lastKnownFileType = sourcecode.cpp.cpp; name = source.cpp; path = FaceWarpApp/dlib/dlib/all/source.cpp; sourceTree = "<group>"; };
		E28D3ABE1BAC480500ACC953 /* libjpeg.a */ = {isa = PBXFileReference; lastKnownFileType = archive.ar; path = libjpeg.a; sourceTree = "<group>"; };
		E28D3AC01BAC5BF800ACC953 /* find_face.mm */ = {isa = PBXFileReference; fileEncoding = 4; lastKnownFileType = sourcecode.cpp.objcpp; path = find_face.mm; sourceTree = "<group>"; };
		E28D3AC21BAC5C0E00ACC953 /* find_face.h */ = {isa = PBXFileReference; lastKnownFileType = sourcecode.c.h; path = find_face.h; sourceTree = "<group>"; };
		E28D3AC31BAC5D0500ACC953 /* bridging.h */ = {isa = PBXFileReference; lastKnownFileType = sourcecode.c.h; path = bridging.h; sourceTree = "<group>"; };
		E28D3AC41BAC67D100ACC953 /* facemarks.dat */ = {isa = PBXFileReference; lastKnownFileType = file; path = facemarks.dat; sourceTree = "<group>"; };
		E28E56201BBC318400358D16 /* GaussianHorizontalVertex.glsl */ = {isa = PBXFileReference; fileEncoding = 4; lastKnownFileType = text; path = GaussianHorizontalVertex.glsl; sourceTree = "<group>"; };
		E28E56221BBC319D00358D16 /* GaussianVerticalVertex.glsl */ = {isa = PBXFileReference; fileEncoding = 4; lastKnownFileType = text; path = GaussianVerticalVertex.glsl; sourceTree = "<group>"; };
		E28E56241BBC31B700358D16 /* GaussianFragment.glsl */ = {isa = PBXFileReference; fileEncoding = 4; lastKnownFileType = text; path = GaussianFragment.glsl; sourceTree = "<group>"; };
		E28E562B1BBD246A00358D16 /* TextureManager.swift */ = {isa = PBXFileReference; fileEncoding = 4; lastKnownFileType = sourcecode.swift; path = TextureManager.swift; sourceTree = "<group>"; };
		E28E562D1BBD247700358D16 /* VertexManager.swift */ = {isa = PBXFileReference; fileEncoding = 4; lastKnownFileType = sourcecode.swift; path = VertexManager.swift; sourceTree = "<group>"; };
		E28E56311BBD248C00358D16 /* ShaderManager.swift */ = {isa = PBXFileReference; fileEncoding = 4; lastKnownFileType = sourcecode.swift; path = ShaderManager.swift; sourceTree = "<group>"; };
		E28E56331BBD254900358D16 /* CaptureManager.swift */ = {isa = PBXFileReference; fileEncoding = 4; lastKnownFileType = sourcecode.swift; path = CaptureManager.swift; sourceTree = "<group>"; };
		E28E56351BBD26CF00358D16 /* Texture.swift */ = {isa = PBXFileReference; fileEncoding = 4; lastKnownFileType = sourcecode.swift; path = Texture.swift; sourceTree = "<group>"; };
		E28E56371BBD279600358D16 /* PixelBufferTexture.swift */ = {isa = PBXFileReference; fileEncoding = 4; lastKnownFileType = sourcecode.swift; path = PixelBufferTexture.swift; sourceTree = "<group>"; };
		E28E56391BBD324700358D16 /* ShaderProgram.swift */ = {isa = PBXFileReference; fileEncoding = 4; lastKnownFileType = sourcecode.swift; path = ShaderProgram.swift; sourceTree = "<group>"; };
		E28E56471BBD7A1100358D16 /* Renderer.swift */ = {isa = PBXFileReference; fileEncoding = 4; lastKnownFileType = sourcecode.swift; path = Renderer.swift; sourceTree = "<group>"; };
		E28EB8061BC81DE000E639E7 /* DesaturateVertex.glsl */ = {isa = PBXFileReference; fileEncoding = 4; lastKnownFileType = text; path = DesaturateVertex.glsl; sourceTree = "<group>"; };
		E28EB8081BC81DF200E639E7 /* DesaturateFragment.glsl */ = {isa = PBXFileReference; fileEncoding = 4; lastKnownFileType = text; path = DesaturateFragment.glsl; sourceTree = "<group>"; };
		E28EB80E1BC8317A00E639E7 /* ControllerController.swift */ = {isa = PBXFileReference; fileEncoding = 4; lastKnownFileType = sourcecode.swift; path = ControllerController.swift; sourceTree = "<group>"; };
		E28EB8101BC8368B00E639E7 /* SpinnyController.swift */ = {isa = PBXFileReference; fileEncoding = 4; lastKnownFileType = sourcecode.swift; path = SpinnyController.swift; sourceTree = "<group>"; };
		E28EB8121BC8388200E639E7 /* Syncro.swift */ = {isa = PBXFileReference; fileEncoding = 4; lastKnownFileType = sourcecode.swift; path = Syncro.swift; sourceTree = "<group>"; };
		E29319791BC589C0006CAA6F /* fft_stuff.cpp */ = {isa = PBXFileReference; fileEncoding = 4; lastKnownFileType = sourcecode.cpp.cpp; path = fft_stuff.cpp; sourceTree = "<group>"; };
		E293197A1BC589C0006CAA6F /* fft_stuff.hpp */ = {isa = PBXFileReference; fileEncoding = 4; lastKnownFileType = sourcecode.cpp.h; path = fft_stuff.hpp; sourceTree = "<group>"; };
		E2B3F42F1BDD2C4A00B6A7E3 /* face_overlay.png */ = {isa = PBXFileReference; lastKnownFileType = image.png; path = face_overlay.png; sourceTree = "<group>"; };
		E2B55E4C1BB5DD340086F719 /* Clarkson-Delaunay.c */ = {isa = PBXFileReference; fileEncoding = 4; lastKnownFileType = sourcecode.c.c; path = "Clarkson-Delaunay.c"; sourceTree = "<group>"; };
		E2B55E4D1BB5DD340086F719 /* Clarkson-Delaunay.h */ = {isa = PBXFileReference; fileEncoding = 4; lastKnownFileType = sourcecode.c.h; path = "Clarkson-Delaunay.h"; sourceTree = "<group>"; };
		E2B55E531BB69F390086F719 /* triangulator.h */ = {isa = PBXFileReference; fileEncoding = 4; lastKnownFileType = sourcecode.c.h; path = triangulator.h; sourceTree = "<group>"; };
		E2B55E541BB69F390086F719 /* triangulator.cpp */ = {isa = PBXFileReference; fileEncoding = 4; lastKnownFileType = sourcecode.cpp.cpp; path = triangulator.cpp; sourceTree = "<group>"; };
		E2B55E561BB6B9590086F719 /* Triangulator.swift */ = {isa = PBXFileReference; fileEncoding = 4; lastKnownFileType = sourcecode.swift; path = Triangulator.swift; sourceTree = "<group>"; };
		E2B55E581BB6E2F70086F719 /* PHI_C_Types.h */ = {isa = PBXFileReference; lastKnownFileType = sourcecode.c.h; path = PHI_C_Types.h; sourceTree = "<group>"; };
/* End PBXFileReference section */

/* Begin PBXFrameworksBuildPhase section */
		E28D3A8A1BAC409000ACC953 /* Frameworks */ = {
			isa = PBXFrameworksBuildPhase;
			buildActionMask = 2147483647;
			files = (
				E20FE7891BB092CF00142050 /* Accelerate.framework in Frameworks */,
				E28D3AAA1BAC43E000ACC953 /* opencv2.framework in Frameworks */,
				E28D3ABF1BAC480500ACC953 /* libjpeg.a in Frameworks */,
			);
			runOnlyForDeploymentPostprocessing = 0;
		};
/* End PBXFrameworksBuildPhase section */

/* Begin PBXGroup section */
		E264DF3F1BB950710051380D /* Products */ = {
			isa = PBXGroup;
			children = (
				E264DF461BB950710051380D /* libGTEngined.a */,
				E264DF481BB950710051380D /* libGTEngine.a */,
				E264DF4A1BB950710051380D /* libGTEngined.dylib */,
				E264DF4C1BB950710051380D /* libGTEngine.dylib */,
			);
			name = Products;
			sourceTree = "<group>";
		};
		E28D3A841BAC409000ACC953 = {
			isa = PBXGroup;
			children = (
				E20FE7881BB092CF00142050 /* Accelerate.framework */,
				E28D3ABC1BAC464700ACC953 /* source.cpp */,
				E28D3A8F1BAC409000ACC953 /* FaceWarpApp */,
				E28D3A8E1BAC409000ACC953 /* Products */,
			);
			sourceTree = "<group>";
		};
		E28D3A8E1BAC409000ACC953 /* Products */ = {
			isa = PBXGroup;
			children = (
				E28D3A8D1BAC409000ACC953 /* Mugg.app */,
			);
			name = Products;
			sourceTree = "<group>";
		};
		E28D3A8F1BAC409000ACC953 /* FaceWarpApp */ = {
			isa = PBXGroup;
			children = (
				E28E562A1BBD245100358D16 /* OpenGL */,
				E2B55E501BB5DD540086F719 /* Swift */,
				E20FE76C1BB0348400142050 /* AppDelegate.swift */,
				E28D3AA81BAC436A00ACC953 /* External Projects */,
				E28D3AA71BAC434500ACC953 /* Interface */,
				E28D3AA61BAC40D200ACC953 /* Supporting Files */,
				E28D3AA51BAC409C00ACC953 /* ObjectiveCpp */,
			);
			path = FaceWarpApp;
			sourceTree = "<group>";
		};
		E28D3AA51BAC409C00ACC953 /* ObjectiveCpp */ = {
			isa = PBXGroup;
			children = (
				E28D3AB61BAC459C00ACC953 /* dermatology.hpp */,
				E28D3AB71BAC459C00ACC953 /* face_fixer.hpp */,
				E28D3AB81BAC459C00ACC953 /* face_landmarks.hpp */,
				E28D3ABA1BAC459C00ACC953 /* utils.hpp */,
				E28D3AAD1BAC442A00ACC953 /* Readme.md */,
				5E386AFF1BBABE28003EDAEB /* triangle.c */,
				E28D3AC01BAC5BF800ACC953 /* find_face.mm */,
				5E8A4EF71BC4355C001B3CF1 /* total_detector.svm */,
				5E2897471BB578DB00166D83 /* normalise_warp.h */,
				5ED3AB8A1BB6C14E0092A7CE /* normalise_warp.cpp */,
				5E386AF91BBA04CD003EDAEB /* triangle.h */,
				5E386AFC1BBA04EC003EDAEB /* triangle_wrapper.c */,
				5E386AFE1BBABBAA003EDAEB /* triangle_wrapper.h */,
				E28D3AC21BAC5C0E00ACC953 /* find_face.h */,
				E26D166F1BB42F7700A0F573 /* PHItypes.m */,
				E26D16711BB42F8400A0F573 /* PHItypes.h */,
				E26D16721BB58F9B00A0F573 /* __fix_triangulation.hpp */,
				E2B55E531BB69F390086F719 /* triangulator.h */,
				E2B55E541BB69F390086F719 /* triangulator.cpp */,
				E2B55E581BB6E2F70086F719 /* PHI_C_Types.h */,
				E29319791BC589C0006CAA6F /* fft_stuff.cpp */,
				E293197A1BC589C0006CAA6F /* fft_stuff.hpp */,
			);
			name = ObjectiveCpp;
			sourceTree = "<group>";
		};
		E28D3AA61BAC40D200ACC953 /* Supporting Files */ = {
			isa = PBXGroup;
			children = (
				E25C0D611BD7C1FE00F9157F /* eye.png */,
				E25C0D621BD7C1FE00F9157F /* mask.png */,
				5E65128D1BD587AA00455528 /* overlay2.png */,
				E25C0D5F1BD6268100F9157F /* overlay3.png */,
				E25C0D4A1BD53F4A00F9157F /* overlay.png */,
				E20FE76A1BB032AF00142050 /* Main.storyboard */,
				E2B3F42F1BDD2C4A00B6A7E3 /* face_overlay.png */,
				E25C0D461BD5077C00F9157F /* camera_icon.png */,
				E20FE76E1BB034BC00142050 /* TextureFragment.glsl */,
				E20FE76F1BB034BC00142050 /* TextureVertex.glsl */,
				E28D3AC41BAC67D100ACC953 /* facemarks.dat */,
				E28D3A9A1BAC409000ACC953 /* Assets.xcassets */,
				E28D3A9C1BAC409000ACC953 /* LaunchScreen.storyboard */,
				E25C0D4C1BD54DF400F9157F /* PassFragment.glsl */,
				E25C0D4D1BD54DF400F9157F /* PassVertex.glsl */,
				5EB989F91BC8A1F4002BF51F /* launch_logo.png */,
				E28D3AC31BAC5D0500ACC953 /* bridging.h */,
				E28D3A9F1BAC409000ACC953 /* Info.plist */,
				E28D3A971BAC409000ACC953 /* FaceWarpApp.xcdatamodeld */,
				E28E56201BBC318400358D16 /* GaussianHorizontalVertex.glsl */,
				E28E56221BBC319D00358D16 /* GaussianVerticalVertex.glsl */,
				E28E56241BBC31B700358D16 /* GaussianFragment.glsl */,
				E21BAB2D1BC193B700E9B58F /* AverageVerticalVertex.glsl */,
				E21BAB2F1BC193C400E9B58F /* AverageFragment.glsl */,
				E21D45F71BC556A6006F2CDE /* AverageHorizontalVertex.glsl */,
				E221D0FE1BC6DA0B009F4B0B /* BrightenVertex.glsl */,
				E221D1001BC6DA17009F4B0B /* BrightenFragment.glsl */,
				E28EB8061BC81DE000E639E7 /* DesaturateVertex.glsl */,
				E28EB8081BC81DF200E639E7 /* DesaturateFragment.glsl */,
			);
			name = "Supporting Files";
			sourceTree = "<group>";
		};
		E28D3AA71BAC434500ACC953 /* Interface */ = {
			isa = PBXGroup;
			children = (
				E20FE7681BB032A800142050 /* OpenGLView.swift */,
				E20FE7661BB0326C00142050 /* ViewController.swift */,
				E28EB80E1BC8317A00E639E7 /* ControllerController.swift */,
				E28EB8101BC8368B00E639E7 /* SpinnyController.swift */,
			);
			name = Interface;
			sourceTree = "<group>";
		};
		E28D3AA81BAC436A00ACC953 /* External Projects */ = {
			isa = PBXGroup;
			children = (
				E2B55E4F1BB5DD380086F719 /* delaunay */,
				E28D3ABE1BAC480500ACC953 /* libjpeg.a */,
				E28D3AB21BAC451F00ACC953 /* dlib */,
				E28D3AA91BAC43E000ACC953 /* opencv2.framework */,
			);
			name = "External Projects";
			sourceTree = "<group>";
		};
		E28E562A1BBD245100358D16 /* OpenGL */ = {
			isa = PBXGroup;
			children = (
				E28E562B1BBD246A00358D16 /* TextureManager.swift */,
				E28E562D1BBD247700358D16 /* VertexManager.swift */,
				E28E56311BBD248C00358D16 /* ShaderManager.swift */,
				E28E56331BBD254900358D16 /* CaptureManager.swift */,
				E28E56351BBD26CF00358D16 /* Texture.swift */,
				E28E56371BBD279600358D16 /* PixelBufferTexture.swift */,
				E28E56391BBD324700358D16 /* ShaderProgram.swift */,
				E28E56471BBD7A1100358D16 /* Renderer.swift */,
				E21069581BCA873700E28B33 /* Recorder.swift */,
			);
			name = OpenGL;
			sourceTree = "<group>";
		};
		E2B55E4F1BB5DD380086F719 /* delaunay */ = {
			isa = PBXGroup;
			children = (
				E2B55E4C1BB5DD340086F719 /* Clarkson-Delaunay.c */,
				E2B55E4D1BB5DD340086F719 /* Clarkson-Delaunay.h */,
			);
			name = delaunay;
			sourceTree = "<group>";
		};
		E2B55E501BB5DD540086F719 /* Swift */ = {
			isa = PBXGroup;
			children = (
				E2B55E561BB6B9590086F719 /* Triangulator.swift */,
				5ED3AB881BB6BF250092A7CE /* Warpnormalise.swift */,
				E28EB8121BC8388200E639E7 /* Syncro.swift */,
			);
			name = Swift;
			sourceTree = "<group>";
		};
/* End PBXGroup section */

/* Begin PBXNativeTarget section */
		E28D3A8C1BAC409000ACC953 /* FaceWarpApp */ = {
			isa = PBXNativeTarget;
			buildConfigurationList = E28D3AA21BAC409000ACC953 /* Build configuration list for PBXNativeTarget "FaceWarpApp" */;
			buildPhases = (
				E28D3A891BAC409000ACC953 /* Sources */,
				E28D3A8A1BAC409000ACC953 /* Frameworks */,
				E28D3A8B1BAC409000ACC953 /* Resources */,
			);
			buildRules = (
			);
			dependencies = (
				E264DF4E1BB950DA0051380D /* PBXTargetDependency */,
			);
			name = FaceWarpApp;
			productName = FaceWarpApp;
			productReference = E28D3A8D1BAC409000ACC953 /* Mugg.app */;
			productType = "com.apple.product-type.application";
		};
/* End PBXNativeTarget section */

/* Begin PBXProject section */
		E28D3A851BAC409000ACC953 /* Project object */ = {
			isa = PBXProject;
			attributes = {
				LastSwiftMigration = 0700;
				LastSwiftUpdateCheck = 0700;
				LastUpgradeCheck = 0700;
				ORGANIZATIONNAME = "Phi Research";
				TargetAttributes = {
					E28D3A8C1BAC409000ACC953 = {
						CreatedOnToolsVersion = 7.0;
						DevelopmentTeam = S559Q4PGN4;
					};
				};
			};
			buildConfigurationList = E28D3A881BAC409000ACC953 /* Build configuration list for PBXProject "FaceWarpApp" */;
			compatibilityVersion = "Xcode 3.2";
			developmentRegion = English;
			hasScannedForEncodings = 0;
			knownRegions = (
				en,
				Base,
			);
			mainGroup = E28D3A841BAC409000ACC953;
			productRefGroup = E28D3A8E1BAC409000ACC953 /* Products */;
			projectDirPath = "";
			projectReferences = (
				{
					ProductGroup = E264DF3F1BB950710051380D /* Products */;
					ProjectRef = E264DF3E1BB950710051380D /* GTEngine.xcodeproj */;
				},
			);
			projectRoot = "";
			targets = (
				E28D3A8C1BAC409000ACC953 /* FaceWarpApp */,
			);
		};
/* End PBXProject section */

/* Begin PBXReferenceProxy section */
		E264DF461BB950710051380D /* libGTEngined.a */ = {
			isa = PBXReferenceProxy;
			fileType = archive.ar;
			path = libGTEngined.a;
			remoteRef = E264DF451BB950710051380D /* PBXContainerItemProxy */;
			sourceTree = BUILT_PRODUCTS_DIR;
		};
		E264DF481BB950710051380D /* libGTEngine.a */ = {
			isa = PBXReferenceProxy;
			fileType = archive.ar;
			path = libGTEngine.a;
			remoteRef = E264DF471BB950710051380D /* PBXContainerItemProxy */;
			sourceTree = BUILT_PRODUCTS_DIR;
		};
		E264DF4A1BB950710051380D /* libGTEngined.dylib */ = {
			isa = PBXReferenceProxy;
			fileType = "compiled.mach-o.dylib";
			path = libGTEngined.dylib;
			remoteRef = E264DF491BB950710051380D /* PBXContainerItemProxy */;
			sourceTree = BUILT_PRODUCTS_DIR;
		};
		E264DF4C1BB950710051380D /* libGTEngine.dylib */ = {
			isa = PBXReferenceProxy;
			fileType = "compiled.mach-o.dylib";
			path = libGTEngine.dylib;
			remoteRef = E264DF4B1BB950710051380D /* PBXContainerItemProxy */;
			sourceTree = BUILT_PRODUCTS_DIR;
		};
/* End PBXReferenceProxy section */

/* Begin PBXResourcesBuildPhase section */
		E28D3A8B1BAC409000ACC953 /* Resources */ = {
			isa = PBXResourcesBuildPhase;
			buildActionMask = 2147483647;
			files = (
				E21D45F81BC556A6006F2CDE /* AverageHorizontalVertex.glsl in Resources */,
				E28D3AC51BAC67F800ACC953 /* facemarks.dat in Resources */,
				E25C0D641BD7C1FE00F9157F /* mask.png in Resources */,
				E25C0D4E1BD54DF400F9157F /* PassFragment.glsl in Resources */,
				E21BAB301BC193C400E9B58F /* AverageFragment.glsl in Resources */,
				E20FE7711BB034BC00142050 /* TextureVertex.glsl in Resources */,
				5EB989FA1BC8A1F4002BF51F /* launch_logo.png in Resources */,
				E28E56251BBC31B700358D16 /* GaussianFragment.glsl in Resources */,
				E28E56231BBC319D00358D16 /* GaussianVerticalVertex.glsl in Resources */,
				E25C0D601BD6268100F9157F /* overlay3.png in Resources */,
				E25C0D4F1BD54DF400F9157F /* PassVertex.glsl in Resources */,
				E28D3A9E1BAC409000ACC953 /* LaunchScreen.storyboard in Resources */,
				E20FE7701BB034BC00142050 /* TextureFragment.glsl in Resources */,
				E221D0FF1BC6DA0B009F4B0B /* BrightenVertex.glsl in Resources */,
				E28EB8091BC81DF200E639E7 /* DesaturateFragment.glsl in Resources */,
				E25C0D4B1BD53F4A00F9157F /* overlay.png in Resources */,
				E28EB8071BC81DE000E639E7 /* DesaturateVertex.glsl in Resources */,
				5E8A4EF81BC4355C001B3CF1 /* total_detector.svm in Resources */,
				E28D3A9B1BAC409000ACC953 /* Assets.xcassets in Resources */,
				E21BAB2E1BC193B700E9B58F /* AverageVerticalVertex.glsl in Resources */,
				5E65128E1BD587AA00455528 /* overlay2.png in Resources */,
				E20FE76B1BB032AF00142050 /* Main.storyboard in Resources */,
				E28E56211BBC318400358D16 /* GaussianHorizontalVertex.glsl in Resources */,
				E25C0D471BD5077C00F9157F /* camera_icon.png in Resources */,
				E221D1011BC6DA17009F4B0B /* BrightenFragment.glsl in Resources */,
				E2B3F4301BDD2C4A00B6A7E3 /* face_overlay.png in Resources */,
				E25C0D631BD7C1FE00F9157F /* eye.png in Resources */,
			);
			runOnlyForDeploymentPostprocessing = 0;
		};
/* End PBXResourcesBuildPhase section */

/* Begin PBXSourcesBuildPhase section */
		E28D3A891BAC409000ACC953 /* Sources */ = {
			isa = PBXSourcesBuildPhase;
			buildActionMask = 2147483647;
			files = (
				E293197B1BC589C0006CAA6F /* fft_stuff.cpp in Sources */,
				E22F8B901BBB004100D9AAE7 /* Warpnormalise.swift in Sources */,
				E28E56361BBD26CF00358D16 /* Texture.swift in Sources */,
				E28D3A991BAC409000ACC953 /* FaceWarpApp.xcdatamodeld in Sources */,
				E28E563A1BBD324700358D16 /* ShaderProgram.swift in Sources */,
				E28E562E1BBD247700358D16 /* VertexManager.swift in Sources */,
				E28E56481BBD7A1100358D16 /* Renderer.swift in Sources */,
				5E386AFD1BBA04EC003EDAEB /* triangle_wrapper.c in Sources */,
				E2B55E4E1BB5DD340086F719 /* Clarkson-Delaunay.c in Sources */,
				E28E56341BBD254900358D16 /* CaptureManager.swift in Sources */,
				E28EB8131BC8388200E639E7 /* Syncro.swift in Sources */,
				5ED3AB8B1BB6C14E0092A7CE /* normalise_warp.cpp in Sources */,
				E2B55E551BB69F390086F719 /* triangulator.cpp in Sources */,
				E20FE7691BB032A800142050 /* OpenGLView.swift in Sources */,
				E28D3ABD1BAC464700ACC953 /* source.cpp in Sources */,
				E20FE7671BB0326C00142050 /* ViewController.swift in Sources */,
				E20FE76D1BB0348400142050 /* AppDelegate.swift in Sources */,
				E28D3AAE1BAC442A00ACC953 /* Readme.md in Sources */,
				E28EB80F1BC8317A00E639E7 /* ControllerController.swift in Sources */,
				E21069591BCA873700E28B33 /* Recorder.swift in Sources */,
				E2B55E571BB6B9590086F719 /* Triangulator.swift in Sources */,
				E28E56321BBD248C00358D16 /* ShaderManager.swift in Sources */,
				5E386B001BBABE28003EDAEB /* triangle.c in Sources */,
				E28E56381BBD279600358D16 /* PixelBufferTexture.swift in Sources */,
				E28E562C1BBD246A00358D16 /* TextureManager.swift in Sources */,
				E28D3AC11BAC5BF800ACC953 /* find_face.mm in Sources */,
				E28EB8111BC8368B00E639E7 /* SpinnyController.swift in Sources */,
				E26D16701BB42F7700A0F573 /* PHItypes.m in Sources */,
			);
			runOnlyForDeploymentPostprocessing = 0;
		};
/* End PBXSourcesBuildPhase section */

/* Begin PBXTargetDependency section */
		E264DF4E1BB950DA0051380D /* PBXTargetDependency */ = {
			isa = PBXTargetDependency;
			name = "Release Static";
			targetProxy = E264DF4D1BB950DA0051380D /* PBXContainerItemProxy */;
		};
/* End PBXTargetDependency section */

/* Begin PBXVariantGroup section */
		E28D3A9C1BAC409000ACC953 /* LaunchScreen.storyboard */ = {
			isa = PBXVariantGroup;
			children = (
				E28D3A9D1BAC409000ACC953 /* Base */,
			);
			name = LaunchScreen.storyboard;
			sourceTree = "<group>";
		};
/* End PBXVariantGroup section */

/* Begin XCBuildConfiguration section */
		E28D3AA01BAC409000ACC953 /* Debug */ = {
			isa = XCBuildConfiguration;
			buildSettings = {
				ALWAYS_SEARCH_USER_PATHS = NO;
				CLANG_CXX_LANGUAGE_STANDARD = "gnu++0x";
				CLANG_CXX_LIBRARY = "libc++";
				CLANG_ENABLE_MODULES = YES;
				CLANG_ENABLE_OBJC_ARC = YES;
				CLANG_WARN_BOOL_CONVERSION = YES;
				CLANG_WARN_CONSTANT_CONVERSION = YES;
				CLANG_WARN_DIRECT_OBJC_ISA_USAGE = YES_ERROR;
				CLANG_WARN_EMPTY_BODY = YES;
				CLANG_WARN_ENUM_CONVERSION = YES;
				CLANG_WARN_INT_CONVERSION = YES;
				CLANG_WARN_OBJC_ROOT_CLASS = YES_ERROR;
				CLANG_WARN_UNREACHABLE_CODE = YES;
				CLANG_WARN__DUPLICATE_METHOD_MATCH = YES;
				"CODE_SIGN_IDENTITY[sdk=iphoneos*]" = "iPhone Developer";
				COPY_PHASE_STRIP = NO;
				DEBUG_INFORMATION_FORMAT = dwarf;
				ENABLE_STRICT_OBJC_MSGSEND = YES;
				ENABLE_TESTABILITY = YES;
				GCC_C_LANGUAGE_STANDARD = gnu99;
				GCC_DYNAMIC_NO_PIC = NO;
				GCC_NO_COMMON_BLOCKS = YES;
				GCC_OPTIMIZATION_LEVEL = 0;
				GCC_PREPROCESSOR_DEFINITIONS = (
					"DEBUG=1",
					"$(inherited)",
				);
				GCC_WARN_64_TO_32_BIT_CONVERSION = YES;
				GCC_WARN_ABOUT_RETURN_TYPE = YES_ERROR;
				GCC_WARN_UNDECLARED_SELECTOR = YES;
				GCC_WARN_UNINITIALIZED_AUTOS = YES_AGGRESSIVE;
				GCC_WARN_UNUSED_FUNCTION = YES;
				GCC_WARN_UNUSED_VARIABLE = YES;
				IPHONEOS_DEPLOYMENT_TARGET = 9.0;
				MTL_ENABLE_DEBUG_INFO = YES;
				ONLY_ACTIVE_ARCH = YES;
				SDKROOT = iphoneos;
				SWIFT_OPTIMIZATION_LEVEL = "-Onone";
				TARGETED_DEVICE_FAMILY = "1,2";
			};
			name = Debug;
		};
		E28D3AA11BAC409000ACC953 /* Release */ = {
			isa = XCBuildConfiguration;
			buildSettings = {
				ALWAYS_SEARCH_USER_PATHS = NO;
				CLANG_CXX_LANGUAGE_STANDARD = "gnu++0x";
				CLANG_CXX_LIBRARY = "libc++";
				CLANG_ENABLE_MODULES = YES;
				CLANG_ENABLE_OBJC_ARC = YES;
				CLANG_WARN_BOOL_CONVERSION = YES;
				CLANG_WARN_CONSTANT_CONVERSION = YES;
				CLANG_WARN_DIRECT_OBJC_ISA_USAGE = YES_ERROR;
				CLANG_WARN_EMPTY_BODY = YES;
				CLANG_WARN_ENUM_CONVERSION = YES;
				CLANG_WARN_INT_CONVERSION = YES;
				CLANG_WARN_OBJC_ROOT_CLASS = YES_ERROR;
				CLANG_WARN_UNREACHABLE_CODE = YES;
				CLANG_WARN__DUPLICATE_METHOD_MATCH = YES;
				"CODE_SIGN_IDENTITY[sdk=iphoneos*]" = "iPhone Developer";
				COPY_PHASE_STRIP = NO;
				DEBUG_INFORMATION_FORMAT = "dwarf-with-dsym";
				ENABLE_NS_ASSERTIONS = NO;
				ENABLE_STRICT_OBJC_MSGSEND = YES;
				GCC_C_LANGUAGE_STANDARD = gnu99;
				GCC_NO_COMMON_BLOCKS = YES;
				GCC_WARN_64_TO_32_BIT_CONVERSION = YES;
				GCC_WARN_ABOUT_RETURN_TYPE = YES_ERROR;
				GCC_WARN_UNDECLARED_SELECTOR = YES;
				GCC_WARN_UNINITIALIZED_AUTOS = YES_AGGRESSIVE;
				GCC_WARN_UNUSED_FUNCTION = YES;
				GCC_WARN_UNUSED_VARIABLE = YES;
				IPHONEOS_DEPLOYMENT_TARGET = 9.0;
				MTL_ENABLE_DEBUG_INFO = NO;
				SDKROOT = iphoneos;
				TARGETED_DEVICE_FAMILY = "1,2";
				VALIDATE_PRODUCT = YES;
			};
			name = Release;
		};
		E28D3AA31BAC409000ACC953 /* Debug */ = {
			isa = XCBuildConfiguration;
			buildSettings = {
				ASSETCATALOG_COMPILER_APPICON_NAME = AppIcon;
				ASSETCATALOG_COMPILER_OPTIMIZATION = "";
				CODE_SIGN_IDENTITY = "iPhone Developer";
				"CODE_SIGN_IDENTITY[sdk=iphoneos*]" = "iPhone Developer";
				DEFINES_MODULE = YES;
				ENABLE_BITCODE = NO;
				FRAMEWORK_SEARCH_PATHS = (
					"$(inherited)",
					"$(PROJECT_DIR)/FaceWarpApp",
				);
				GCC_FAST_MATH = NO;
				GCC_OPTIMIZATION_LEVEL = 2;
				GCC_PREPROCESSOR_DEFINITIONS = (
					DLIB_NO_GUI_SUPPORT,
					DLIB_USE_BLAS,
					TRILIBRARY,
					DLIB_USE_VECLIB_FFT,
				);
				HEADER_SEARCH_PATHS = (
					"$(PROJECT_DIR)/FaceWarpApp/dlib",
					"$(PROJECT_DIR)/GeometricTools/GTEngine/Include",
				);
				INFOPLIST_FILE = FaceWarpApp/Info.plist;
				IPHONEOS_DEPLOYMENT_TARGET = 8.0;
				LD_RUNPATH_SEARCH_PATHS = "$(inherited) @executable_path/Frameworks";
				LIBRARY_SEARCH_PATHS = (
					"$(inherited)",
					"$(PROJECT_DIR)/FaceWarpApp",
				);
				LLVM_LTO = YES;
				PRODUCT_BUNDLE_IDENTIFIER = com.phi.facewarptest;
				PRODUCT_NAME = Mugg;
				PROVISIONING_PROFILE = "";
				SWIFT_OBJC_BRIDGING_HEADER = FaceWarpApp/bridging.h;
				SWIFT_OPTIMIZATION_LEVEL = "-Owholemodule";
				TARGETED_DEVICE_FAMILY = "1,2";
			};
			name = Debug;
		};
		E28D3AA41BAC409000ACC953 /* Release */ = {
			isa = XCBuildConfiguration;
			buildSettings = {
				ASSETCATALOG_COMPILER_APPICON_NAME = AppIcon;
				ASSETCATALOG_COMPILER_OPTIMIZATION = "";
				CODE_SIGN_IDENTITY = "iPhone Developer";
				"CODE_SIGN_IDENTITY[sdk=iphoneos*]" = "iPhone Developer";
				DEFINES_MODULE = YES;
				ENABLE_BITCODE = NO;
				FRAMEWORK_SEARCH_PATHS = (
					"$(inherited)",
					"$(PROJECT_DIR)/FaceWarpApp",
				);
				GCC_FAST_MATH = NO;
				GCC_OPTIMIZATION_LEVEL = 2;
				GCC_PREPROCESSOR_DEFINITIONS = (
					DLIB_NO_GUI_SUPPORT,
					DLIB_USE_BLAS,
					TRILIBRARY,
					DLIB_USE_VECLIB_FFT,
				);
				HEADER_SEARCH_PATHS = (
					"$(PROJECT_DIR)/FaceWarpApp/dlib",
					"$(PROJECT_DIR)/GeometricTools/GTEngine/Include",
				);
				INFOPLIST_FILE = FaceWarpApp/Info.plist;
				IPHONEOS_DEPLOYMENT_TARGET = 8.0;
				LD_RUNPATH_SEARCH_PATHS = "$(inherited) @executable_path/Frameworks";
				LIBRARY_SEARCH_PATHS = (
					"$(inherited)",
					"$(PROJECT_DIR)/FaceWarpApp",
				);
				LLVM_LTO = YES;
				PRODUCT_BUNDLE_IDENTIFIER = com.phi.facewarptest;
				PRODUCT_NAME = Mugg;
				PROVISIONING_PROFILE = "";
				SWIFT_OBJC_BRIDGING_HEADER = FaceWarpApp/bridging.h;
				SWIFT_OPTIMIZATION_LEVEL = "-Owholemodule";
				TARGETED_DEVICE_FAMILY = "1,2";
			};
			name = Release;
		};
/* End XCBuildConfiguration section */

/* Begin XCConfigurationList section */
		E28D3A881BAC409000ACC953 /* Build configuration list for PBXProject "FaceWarpApp" */ = {
			isa = XCConfigurationList;
			buildConfigurations = (
				E28D3AA01BAC409000ACC953 /* Debug */,
				E28D3AA11BAC409000ACC953 /* Release */,
			);
			defaultConfigurationIsVisible = 0;
			defaultConfigurationName = Release;
		};
		E28D3AA21BAC409000ACC953 /* Build configuration list for PBXNativeTarget "FaceWarpApp" */ = {
			isa = XCConfigurationList;
			buildConfigurations = (
				E28D3AA31BAC409000ACC953 /* Debug */,
				E28D3AA41BAC409000ACC953 /* Release */,
			);
			defaultConfigurationIsVisible = 0;
			defaultConfigurationName = Release;
		};
/* End XCConfigurationList section */

/* Begin XCVersionGroup section */
		E28D3A971BAC409000ACC953 /* FaceWarpApp.xcdatamodeld */ = {
			isa = XCVersionGroup;
			children = (
				E28D3A981BAC409000ACC953 /* FaceWarpApp.xcdatamodel */,
			);
			currentVersion = E28D3A981BAC409000ACC953 /* FaceWarpApp.xcdatamodel */;
			path = FaceWarpApp.xcdatamodeld;
			sourceTree = "<group>";
			versionGroupType = wrapper.xcdatamodel;
		};
/* End XCVersionGroup section */
	};
	rootObject = E28D3A851BAC409000ACC953 /* Project object */;
}
